
Microsoft Visual Studio Solution File, Format Version 12.00
# Visual Studio Version 17
VisualStudioVersion = 17.11.35327.3
MinimumVisualStudioVersion = 10.0.40219.1
Project("{FAE04EC0-301F-11D3-BF4B-00C04F79EFBC}") = "immersion_player", "immersion_player.csproj", "{50ADA31A-0208-4E72-98AC-689082E29843}"
EndProject
Global
	GlobalSection(SolutionConfigurationPlatforms) = preSolution
		Debug|Any CPU = Debug|Any CPU
		Release|Any CPU = Release|Any CPU
	EndGlobalSection
	GlobalSection(ProjectConfigurationPlatforms) = postSolution
		{50ADA31A-0208-4E72-98AC-689082E29843}.Debug|Any CPU.ActiveCfg = Debug|Any CPU
		{50ADA31A-0208-4E72-98AC-689082E29843}.Debug|Any CPU.Build.0 = Debug|Any CPU
		{50ADA31A-0208-4E72-98AC-689082E29843}.Release|Any CPU.ActiveCfg = Release|Any CPU
		{50ADA31A-0208-4E72-98AC-689082E29843}.Release|Any CPU.Build.0 = Release|Any CPU
	EndGlobalSection
	GlobalSection(SolutionProperties) = preSolution
		HideSolutionNode = FALSE
	EndGlobalSection
	GlobalSection(ExtensibilityGlobals) = postSolution
		SolutionGuid = {3F6A912E-A533-4381-9AB2-B885453947B1}
	EndGlobalSection
EndGlobal
